// !$*UTF8*$!
{
	archiveVersion = 1;
	classes = {
	};
	objectVersion = 56;
	objects = {

/* Begin PBXBuildFile section */
		FFA9700629BB7D0500BC23FB /* CoreDataWithMVVMApp.swift in Sources */ = {isa = PBXBuildFile; fileRef = FFA9700529BB7D0500BC23FB /* CoreDataWithMVVMApp.swift */; };
		FFA9700829BB7D0500BC23FB /* ContentView.swift in Sources */ = {isa = PBXBuildFile; fileRef = FFA9700729BB7D0500BC23FB /* ContentView.swift */; };
		FFA9700A29BB7D0900BC23FB /* Assets.xcassets in Resources */ = {isa = PBXBuildFile; fileRef = FFA9700929BB7D0900BC23FB /* Assets.xcassets */; };
		FFA9700D29BB7D0900BC23FB /* Preview Assets.xcassets in Resources */ = {isa = PBXBuildFile; fileRef = FFA9700C29BB7D0900BC23FB /* Preview Assets.xcassets */; };
		FFA9701629BB7D5700BC23FB /* CoreDataViewModel.swift in Sources */ = {isa = PBXBuildFile; fileRef = FFA9701529BB7D5700BC23FB /* CoreDataViewModel.swift */; };
		FFA9701A29BB7EA100BC23FB /* FruitsContainer.xcdatamodeld in Sources */ = {isa = PBXBuildFile; fileRef = FFA9701829BB7EA100BC23FB /* FruitsContainer.xcdatamodeld */; };
/* End PBXBuildFile section */

/* Begin PBXFileReference section */
		FFA9700229BB7D0500BC23FB /* CoreDataWithMVVM.app */ = {isa = PBXFileReference; explicitFileType = wrapper.application; includeInIndex = 0; path = CoreDataWithMVVM.app; sourceTree = BUILT_PRODUCTS_DIR; };
		FFA9700529BB7D0500BC23FB /* CoreDataWithMVVMApp.swift */ = {isa = PBXFileReference; lastKnownFileType = sourcecode.swift; path = CoreDataWithMVVMApp.swift; sourceTree = "<group>"; };
		FFA9700729BB7D0500BC23FB /* ContentView.swift */ = {isa = PBXFileReference; lastKnownFileType = sourcecode.swift; path = ContentView.swift; sourceTree = "<group>"; };
		FFA9700929BB7D0900BC23FB /* Assets.xcassets */ = {isa = PBXFileReference; lastKnownFileType = folder.assetcatalog; path = Assets.xcassets; sourceTree = "<group>"; };
		FFA9700C29BB7D0900BC23FB /* Preview Assets.xcassets */ = {isa = PBXFileReference; lastKnownFileType = folder.assetcatalog; path = "Preview Assets.xcassets"; sourceTree = "<group>"; };
		FFA9701529BB7D5700BC23FB /* CoreDataViewModel.swift */ = {isa = PBXFileReference; lastKnownFileType = sourcecode.swift; path = CoreDataViewModel.swift; sourceTree = "<group>"; };
		FFA9701929BB7EA100BC23FB /* FruitsContainer.xcdatamodel */ = {isa = PBXFileReference; lastKnownFileType = wrapper.xcdatamodel; path = FruitsContainer.xcdatamodel; sourceTree = "<group>"; };
/* End PBXFileReference section */

/* Begin PBXFrameworksBuildPhase section */
		FFA96FFF29BB7D0500BC23FB /* Frameworks */ = {
			isa = PBXFrameworksBuildPhase;
			buildActionMask = 2147483647;
			files = (
			);
			runOnlyForDeploymentPostprocessing = 0;
		};
/* End PBXFrameworksBuildPhase section */

/* Begin PBXGroup section */
		FFA96FF929BB7D0500BC23FB = {
			isa = PBXGroup;
			children = (
				FFA9700429BB7D0500BC23FB /* CoreDataWithMVVM */,
				FFA9700329BB7D0500BC23FB /* Products */,
			);
			sourceTree = "<group>";
		};
		FFA9700329BB7D0500BC23FB /* Products */ = {
			isa = PBXGroup;
			children = (
				FFA9700229BB7D0500BC23FB /* CoreDataWithMVVM.app */,
			);
			name = Products;
			sourceTree = "<group>";
		};
		FFA9700429BB7D0500BC23FB /* CoreDataWithMVVM */ = {
			isa = PBXGroup;
			children = (
				FFA9701729BB7E7400BC23FB /* Models */,
				FFA9701429BB7D2D00BC23FB /* ViewModels */,
				FFA9700529BB7D0500BC23FB /* CoreDataWithMVVMApp.swift */,
				FFA9700729BB7D0500BC23FB /* ContentView.swift */,
				FFA9700929BB7D0900BC23FB /* Assets.xcassets */,
				FFA9700B29BB7D0900BC23FB /* Preview Content */,
			);
			path = CoreDataWithMVVM;
			sourceTree = "<group>";
		};
		FFA9700B29BB7D0900BC23FB /* Preview Content */ = {
			isa = PBXGroup;
			children = (
				FFA9700C29BB7D0900BC23FB /* Preview Assets.xcassets */,
			);
			path = "Preview Content";
			sourceTree = "<group>";
		};
		FFA9701429BB7D2D00BC23FB /* ViewModels */ = {
			isa = PBXGroup;
			children = (
				FFA9701529BB7D5700BC23FB /* CoreDataViewModel.swift */,
			);
			path = ViewModels;
			sourceTree = "<group>";
		};
		FFA9701729BB7E7400BC23FB /* Models */ = {
			isa = PBXGroup;
			children = (
				FFA9701829BB7EA100BC23FB /* FruitsContainer.xcdatamodeld */,
			);
			path = Models;
			sourceTree = "<group>";
		};
/* End PBXGroup section */

/* Begin PBXNativeTarget section */
		FFA9700129BB7D0500BC23FB /* CoreDataWithMVVM */ = {
			isa = PBXNativeTarget;
			buildConfigurationList = FFA9701029BB7D0900BC23FB /* Build configuration list for PBXNativeTarget "CoreDataWithMVVM" */;
			buildPhases = (
				FFA96FFE29BB7D0500BC23FB /* Sources */,
				FFA96FFF29BB7D0500BC23FB /* Frameworks */,
				FFA9700029BB7D0500BC23FB /* Resources */,
			);
			buildRules = (
			);
			dependencies = (
			);
			name = CoreDataWithMVVM;
			productName = CoreDataWithMVVM;
			productReference = FFA9700229BB7D0500BC23FB /* CoreDataWithMVVM.app */;
			productType = "com.apple.product-type.application";
		};
/* End PBXNativeTarget section */

/* Begin PBXProject section */
		FFA96FFA29BB7D0500BC23FB /* Project object */ = {
			isa = PBXProject;
			attributes = {
				BuildIndependentTargetsInParallel = 1;
				LastSwiftUpdateCheck = 1420;
				LastUpgradeCheck = 1420;
				TargetAttributes = {
					FFA9700129BB7D0500BC23FB = {
						CreatedOnToolsVersion = 14.2;
					};
				};
			};
			buildConfigurationList = FFA96FFD29BB7D0500BC23FB /* Build configuration list for PBXProject "CoreDataWithMVVM" */;
			compatibilityVersion = "Xcode 14.0";
			developmentRegion = en;
			hasScannedForEncodings = 0;
			knownRegions = (
				en,
				Base,
			);
			mainGroup = FFA96FF929BB7D0500BC23FB;
			productRefGroup = FFA9700329BB7D0500BC23FB /* Products */;
			projectDirPath = "";
			projectRoot = "";
			targets = (
				FFA9700129BB7D0500BC23FB /* CoreDataWithMVVM */,
			);
		};
/* End PBXProject section */

/* Begin PBXResourcesBuildPhase section */
		FFA9700029BB7D0500BC23FB /* Resources */ = {
			isa = PBXResourcesBuildPhase;
			buildActionMask = 2147483647;
			files = (
				FFA9700D29BB7D0900BC23FB /* Preview Assets.xcassets in Resources */,
				FFA9700A29BB7D0900BC23FB /* Assets.xcassets in Resources */,
			);
			runOnlyForDeploymentPostprocessing = 0;
		};
/* End PBXResourcesBuildPhase section */

/* Begin PBXSourcesBuildPhase section */
		FFA96FFE29BB7D0500BC23FB /* Sources */ = {
			isa = PBXSourcesBuildPhase;
			buildActionMask = 2147483647;
			files = (
				FFA9701A29BB7EA100BC23FB /* FruitsContainer.xcdatamodeld in Sources */,
				FFA9700829BB7D0500BC23FB /* ContentView.swift in Sources */,
				FFA9701629BB7D5700BC23FB /* CoreDataViewModel.swift in Sources */,
				FFA9700629BB7D0500BC23FB /* CoreDataWithMVVMApp.swift in Sources */,
			);
			runOnlyForDeploymentPostprocessing = 0;
		};
/* End PBXSourcesBuildPhase section */

/* Begin XCBuildConfiguration section */
		FFA9700E29BB7D0900BC23FB /* Debug */ = {
			isa = XCBuildConfiguration;
			buildSettings = {
				ALWAYS_SEARCH_USER_PATHS = NO;
				CLANG_ANALYZER_NONNULL = YES;
				CLANG_ANALYZER_NUMBER_OBJECT_CONVERSION = YES_AGGRESSIVE;
				CLANG_CXX_LANGUAGE_STANDARD = "gnu++20";
				CLANG_ENABLE_MODULES = YES;
				CLANG_ENABLE_OBJC_ARC = YES;
				CLANG_ENABLE_OBJC_WEAK = YES;
				CLANG_WARN_BLOCK_CAPTURE_AUTORELEASING = YES;
				CLANG_WARN_BOOL_CONVERSION = YES;
				CLANG_WARN_COMMA = YES;
				CLANG_WARN_CONSTANT_CONVERSION = YES;
				CLANG_WARN_DEPRECATED_OBJC_IMPLEMENTATIONS = YES;
				CLANG_WARN_DIRECT_OBJC_ISA_USAGE = YES_ERROR;
				CLANG_WARN_DOCUMENTATION_COMMENTS = YES;
				CLANG_WARN_EMPTY_BODY = YES;
				CLANG_WARN_ENUM_CONVERSION = YES;
				CLANG_WARN_INFINITE_RECURSION = YES;
				CLANG_WARN_INT_CONVERSION = YES;
				CLANG_WARN_NON_LITERAL_NULL_CONVERSION = YES;
				CLANG_WARN_OBJC_IMPLICIT_RETAIN_SELF = YES;
				CLANG_WARN_OBJC_LITERAL_CONVERSION = YES;
				CLANG_WARN_OBJC_ROOT_CLASS = YES_ERROR;
				CLANG_WARN_QUOTED_INCLUDE_IN_FRAMEWORK_HEADER = YES;
				CLANG_WARN_RANGE_LOOP_ANALYSIS = YES;
				CLANG_WARN_STRICT_PROTOTYPES = YES;
				CLANG_WARN_SUSPICIOUS_MOVE = YES;
				CLANG_WARN_UNGUARDED_AVAILABILITY = YES_AGGRESSIVE;
				CLANG_WARN_UNREACHABLE_CODE = YES;
				CLANG_WARN__DUPLICATE_METHOD_MATCH = YES;
				COPY_PHASE_STRIP = NO;
				DEBUG_INFORMATION_FORMAT = dwarf;
				ENABLE_STRICT_OBJC_MSGSEND = YES;
				ENABLE_TESTABILITY = YES;
				GCC_C_LANGUAGE_STANDARD = gnu11;
				GCC_DYNAMIC_NO_PIC = NO;
				GCC_NO_COMMON_BLOCKS = YES;
				GCC_OPTIMIZATION_LEVEL = 0;
				GCC_PREPROCESSOR_DEFINITIONS = (
					"DEBUG=1",
					"$(inherited)",
				);
				GCC_WARN_64_TO_32_BIT_CONVERSION = YES;
				GCC_WARN_ABOUT_RETURN_TYPE = YES_ERROR;
				GCC_WARN_UNDECLARED_SELECTOR = YES;
				GCC_WARN_UNINITIALIZED_AUTOS = YES_AGGRESSIVE;
				GCC_WARN_UNUSED_FUNCTION = YES;
				GCC_WARN_UNUSED_VARIABLE = YES;
				IPHONEOS_DEPLOYMENT_TARGET = 16.2;
				MTL_ENABLE_DEBUG_INFO = INCLUDE_SOURCE;
				MTL_FAST_MATH = YES;
				ONLY_ACTIVE_ARCH = YES;
				SDKROOT = iphoneos;
				SWIFT_ACTIVE_COMPILATION_CONDITIONS = DEBUG;
				SWIFT_OPTIMIZATION_LEVEL = "-Onone";
			};
			name = Debug;
		};
		FFA9700F29BB7D0900BC23FB /* Release */ = {
			isa = XCBuildConfiguration;
			buildSettings = {
				ALWAYS_SEARCH_USER_PATHS = NO;
				CLANG_ANALYZER_NONNULL = YES;
				CLANG_ANALYZER_NUMBER_OBJECT_CONVERSION = YES_AGGRESSIVE;
				CLANG_CXX_LANGUAGE_STANDARD = "gnu++20";
				CLANG_ENABLE_MODULES = YES;
				CLANG_ENABLE_OBJC_ARC = YES;
				CLANG_ENABLE_OBJC_WEAK = YES;
				CLANG_WARN_BLOCK_CAPTURE_AUTORELEASING = YES;
				CLANG_WARN_BOOL_CONVERSION = YES;
				CLANG_WARN_COMMA = YES;
				CLANG_WARN_CONSTANT_CONVERSION = YES;
				CLANG_WARN_DEPRECATED_OBJC_IMPLEMENTATIONS = YES;
				CLANG_WARN_DIRECT_OBJC_ISA_USAGE = YES_ERROR;
				CLANG_WARN_DOCUMENTATION_COMMENTS = YES;
				CLANG_WARN_EMPTY_BODY = YES;
				CLANG_WARN_ENUM_CONVERSION = YES;
				CLANG_WARN_INFINITE_RECURSION = YES;
				CLANG_WARN_INT_CONVERSION = YES;
				CLANG_WARN_NON_LITERAL_NULL_CONVERSION = YES;
				CLANG_WARN_OBJC_IMPLICIT_RETAIN_SELF = YES;
				CLANG_WARN_OBJC_LITERAL_CONVERSION = YES;
				CLANG_WARN_OBJC_ROOT_CLASS = YES_ERROR;
				CLANG_WARN_QUOTED_INCLUDE_IN_FRAMEWORK_HEADER = YES;
				CLANG_WARN_RANGE_LOOP_ANALYSIS = YES;
				CLANG_WARN_STRICT_PROTOTYPES = YES;
				CLANG_WARN_SUSPICIOUS_MOVE = YES;
				CLANG_WARN_UNGUARDED_AVAILABILITY = YES_AGGRESSIVE;
				CLANG_WARN_UNREACHABLE_CODE = YES;
				CLANG_WARN__DUPLICATE_METHOD_MATCH = YES;
				COPY_PHASE_STRIP = NO;
				DEBUG_INFORMATION_FORMAT = "dwarf-with-dsym";
				ENABLE_NS_ASSERTIONS = NO;
				ENABLE_STRICT_OBJC_MSGSEND = YES;
				GCC_C_LANGUAGE_STANDARD = gnu11;
				GCC_NO_COMMON_BLOCKS = YES;
				GCC_WARN_64_TO_32_BIT_CONVERSION = YES;
				GCC_WARN_ABOUT_RETURN_TYPE = YES_ERROR;
				GCC_WARN_UNDECLARED_SELECTOR = YES;
				GCC_WARN_UNINITIALIZED_AUTOS = YES_AGGRESSIVE;
				GCC_WARN_UNUSED_FUNCTION = YES;
				GCC_WARN_UNUSED_VARIABLE = YES;
				IPHONEOS_DEPLOYMENT_TARGET = 16.2;
				MTL_ENABLE_DEBUG_INFO = NO;
				MTL_FAST_MATH = YES;
				SDKROOT = iphoneos;
				SWIFT_COMPILATION_MODE = wholemodule;
				SWIFT_OPTIMIZATION_LEVEL = "-O";
				VALIDATE_PRODUCT = YES;
			};
			name = Release;
		};
		FFA9701129BB7D0900BC23FB /* Debug */ = {
			isa = XCBuildConfiguration;
			buildSettings = {
				ASSETCATALOG_COMPILER_APPICON_NAME = AppIcon;
				ASSETCATALOG_COMPILER_GLOBAL_ACCENT_COLOR_NAME = AccentColor;
				CODE_SIGN_STYLE = Automatic;
				CURRENT_PROJECT_VERSION = 1;
				DEVELOPMENT_ASSET_PATHS = "\"CoreDataWithMVVM/Preview Content\"";
				DEVELOPMENT_TEAM = HFX859F777;
				ENABLE_PREVIEWS = YES;
				GENERATE_INFOPLIST_FILE = YES;
				INFOPLIST_KEY_UIApplicationSceneManifest_Generation = YES;
				INFOPLIST_KEY_UIApplicationSupportsIndirectInputEvents = YES;
				INFOPLIST_KEY_UILaunchScreen_Generation = YES;
				INFOPLIST_KEY_UISupportedInterfaceOrientations_iPad = "UIInterfaceOrientationPortrait UIInterfaceOrientationPortraitUpsideDown UIInterfaceOrientationLandscapeLeft UIInterfaceOrientationLandscapeRight";
				INFOPLIST_KEY_UISupportedInterfaceOrientations_iPhone = "UIInterfaceOrientationPortrait UIInterfaceOrientationLandscapeLeft UIInterfaceOrientationLandscapeRight";
				LD_RUNPATH_SEARCH_PATHS = (
					"$(inherited)",
					"@executable_path/Frameworks",
				);
				MARKETING_VERSION = 1.0;
				PRODUCT_BUNDLE_IDENTIFIER = me.shanta.sajid.CoreDataWithMVVM;
				PRODUCT_NAME = "$(TARGET_NAME)";
				SWIFT_EMIT_LOC_STRINGS = YES;
				SWIFT_VERSION = 5.0;
				TARGETED_DEVICE_FAMILY = "1,2";
			};
			name = Debug;
		};
		FFA9701229BB7D0900BC23FB /* Release */ = {
			isa = XCBuildConfiguration;
			buildSettings = {
				ASSETCATALOG_COMPILER_APPICON_NAME = AppIcon;
				ASSETCATALOG_COMPILER_GLOBAL_ACCENT_COLOR_NAME = AccentColor;
				CODE_SIGN_STYLE = Automatic;
				CURRENT_PROJECT_VERSION = 1;
				DEVELOPMENT_ASSET_PATHS = "\"CoreDataWithMVVM/Preview Content\"";
				DEVELOPMENT_TEAM = HFX859F777;
				ENABLE_PREVIEWS = YES;
				GENERATE_INFOPLIST_FILE = YES;
				INFOPLIST_KEY_UIApplicationSceneManifest_Generation = YES;
				INFOPLIST_KEY_UIApplicationSupportsIndirectInputEvents = YES;
				INFOPLIST_KEY_UILaunchScreen_Generation = YES;
				INFOPLIST_KEY_UISupportedInterfaceOrientations_iPad = "UIInterfaceOrientationPortrait UIInterfaceOrientationPortraitUpsideDown UIInterfaceOrientationLandscapeLeft UIInterfaceOrientationLandscapeRight";
				INFOPLIST_KEY_UISupportedInterfaceOrientations_iPhone = "UIInterfaceOrientationPortrait UIInterfaceOrientationLandscapeLeft UIInterfaceOrientationLandscapeRight";
				LD_RUNPATH_SEARCH_PATHS = (
					"$(inherited)",
					"@executable_path/Frameworks",
				);
				MARKETING_VERSION = 1.0;
				PRODUCT_BUNDLE_IDENTIFIER = me.shanta.sajid.CoreDataWithMVVM;
				PRODUCT_NAME = "$(TARGET_NAME)";
				SWIFT_EMIT_LOC_STRINGS = YES;
				SWIFT_VERSION = 5.0;
				TARGETED_DEVICE_FAMILY = "1,2";
			};
			name = Release;
		};
/* End XCBuildConfiguration section */

/* Begin XCConfigurationList section */
		FFA96FFD29BB7D0500BC23FB /* Build configuration list for PBXProject "CoreDataWithMVVM" */ = {
			isa = XCConfigurationList;
			buildConfigurations = (
				FFA9700E29BB7D0900BC23FB /* Debug */,
				FFA9700F29BB7D0900BC23FB /* Release */,
			);
			defaultConfigurationIsVisible = 0;
			defaultConfigurationName = Release;
		};
		FFA9701029BB7D0900BC23FB /* Build configuration list for PBXNativeTarget "CoreDataWithMVVM" */ = {
			isa = XCConfigurationList;
			buildConfigurations = (
				FFA9701129BB7D0900BC23FB /* Debug */,
				FFA9701229BB7D0900BC23FB /* Release */,
			);
			defaultConfigurationIsVisible = 0;
			defaultConfigurationName = Release;
		};
/* End XCConfigurationList section */

/* Begin XCVersionGroup section */
		FFA9701829BB7EA100BC23FB /* FruitsContainer.xcdatamodeld */ = {
			isa = XCVersionGroup;
			children = (
				FFA9701929BB7EA100BC23FB /* FruitsContainer.xcdatamodel */,
			);
			currentVersion = FFA9701929BB7EA100BC23FB /* FruitsContainer.xcdatamodel */;
			path = FruitsContainer.xcdatamodeld;
			sourceTree = "<group>";
			versionGroupType = wrapper.xcdatamodel;
		};
/* End XCVersionGroup section */
	};
	rootObject = FFA96FFA29BB7D0500BC23FB /* Project object */;
}
