// !$*UTF8*$!
{
	archiveVersion = 1;
	classes = {
	};
	objectVersion = 56;
	objects = {

/* Begin PBXBuildFile section */
		FFA08A7D29BCBB3400AC24FB /* CoreDataRelationshipsApp.swift in Sources */ = {isa = PBXBuildFile; fileRef = FFA08A7C29BCBB3400AC24FB /* CoreDataRelationshipsApp.swift */; };
		FFA08A7F29BCBB3400AC24FB /* ContentView.swift in Sources */ = {isa = PBXBuildFile; fileRef = FFA08A7E29BCBB3400AC24FB /* ContentView.swift */; };
		FFA08A8129BCBB3700AC24FB /* Assets.xcassets in Resources */ = {isa = PBXBuildFile; fileRef = FFA08A8029BCBB3700AC24FB /* Assets.xcassets */; };
		FFA08A8429BCBB3700AC24FB /* Preview Assets.xcassets in Resources */ = {isa = PBXBuildFile; fileRef = FFA08A8329BCBB3700AC24FB /* Preview Assets.xcassets */; };
		FFA08A8E29BCBB7500AC24FB /* CoreDataRelationshipViewModel.swift in Sources */ = {isa = PBXBuildFile; fileRef = FFA08A8D29BCBB7500AC24FB /* CoreDataRelationshipViewModel.swift */; };
		FFA08A9029BCBBB700AC24FB /* CoreDataRelationshipView.swift in Sources */ = {isa = PBXBuildFile; fileRef = FFA08A8F29BCBBB600AC24FB /* CoreDataRelationshipView.swift */; };
		FFA08A9329BCBC8400AC24FB /* CoreDataManager.swift in Sources */ = {isa = PBXBuildFile; fileRef = FFA08A9229BCBC8400AC24FB /* CoreDataManager.swift */; };
		FFA08A9629BCBDE200AC24FB /* CoreDataContainer.xcdatamodeld in Sources */ = {isa = PBXBuildFile; fileRef = FFA08A9429BCBDE200AC24FB /* CoreDataContainer.xcdatamodeld */; };
/* End PBXBuildFile section */

/* Begin PBXFileReference section */
		FFA08A7929BCBB3400AC24FB /* CoreDataRelationships.app */ = {isa = PBXFileReference; explicitFileType = wrapper.application; includeInIndex = 0; path = CoreDataRelationships.app; sourceTree = BUILT_PRODUCTS_DIR; };
		FFA08A7C29BCBB3400AC24FB /* CoreDataRelationshipsApp.swift */ = {isa = PBXFileReference; lastKnownFileType = sourcecode.swift; path = CoreDataRelationshipsApp.swift; sourceTree = "<group>"; };
		FFA08A7E29BCBB3400AC24FB /* ContentView.swift */ = {isa = PBXFileReference; lastKnownFileType = sourcecode.swift; path = ContentView.swift; sourceTree = "<group>"; };
		FFA08A8029BCBB3700AC24FB /* Assets.xcassets */ = {isa = PBXFileReference; lastKnownFileType = folder.assetcatalog; path = Assets.xcassets; sourceTree = "<group>"; };
		FFA08A8329BCBB3700AC24FB /* Preview Assets.xcassets */ = {isa = PBXFileReference; lastKnownFileType = folder.assetcatalog; path = "Preview Assets.xcassets"; sourceTree = "<group>"; };
		FFA08A8D29BCBB7500AC24FB /* CoreDataRelationshipViewModel.swift */ = {isa = PBXFileReference; lastKnownFileType = sourcecode.swift; path = CoreDataRelationshipViewModel.swift; sourceTree = "<group>"; };
		FFA08A8F29BCBBB600AC24FB /* CoreDataRelationshipView.swift */ = {isa = PBXFileReference; lastKnownFileType = sourcecode.swift; path = CoreDataRelationshipView.swift; sourceTree = "<group>"; };
		FFA08A9229BCBC8400AC24FB /* CoreDataManager.swift */ = {isa = PBXFileReference; lastKnownFileType = sourcecode.swift; path = CoreDataManager.swift; sourceTree = "<group>"; };
		FFA08A9529BCBDE200AC24FB /* CoreDataContainer.xcdatamodel */ = {isa = PBXFileReference; lastKnownFileType = wrapper.xcdatamodel; path = CoreDataContainer.xcdatamodel; sourceTree = "<group>"; };
/* End PBXFileReference section */

/* Begin PBXFrameworksBuildPhase section */
		FFA08A7629BCBB3400AC24FB /* Frameworks */ = {
			isa = PBXFrameworksBuildPhase;
			buildActionMask = 2147483647;
			files = (
			);
			runOnlyForDeploymentPostprocessing = 0;
		};
/* End PBXFrameworksBuildPhase section */

/* Begin PBXGroup section */
		FFA08A7029BCBB3400AC24FB = {
			isa = PBXGroup;
			children = (
				FFA08A7B29BCBB3400AC24FB /* CoreDataRelationships */,
				FFA08A7A29BCBB3400AC24FB /* Products */,
			);
			sourceTree = "<group>";
		};
		FFA08A7A29BCBB3400AC24FB /* Products */ = {
			isa = PBXGroup;
			children = (
				FFA08A7929BCBB3400AC24FB /* CoreDataRelationships.app */,
			);
			name = Products;
			sourceTree = "<group>";
		};
		FFA08A7B29BCBB3400AC24FB /* CoreDataRelationships */ = {
			isa = PBXGroup;
			children = (
				FFA08A9129BCBC6600AC24FB /* Utilities */,
				FFA08A8C29BCBB5200AC24FB /* Models */,
				FFA08A8B29BCBB4900AC24FB /* Views */,
				FFA08A8A29BCBB3F00AC24FB /* ViewModels */,
				FFA08A7C29BCBB3400AC24FB /* CoreDataRelationshipsApp.swift */,
				FFA08A7E29BCBB3400AC24FB /* ContentView.swift */,
				FFA08A8029BCBB3700AC24FB /* Assets.xcassets */,
				FFA08A8229BCBB3700AC24FB /* Preview Content */,
			);
			path = CoreDataRelationships;
			sourceTree = "<group>";
		};
		FFA08A8229BCBB3700AC24FB /* Preview Content */ = {
			isa = PBXGroup;
			children = (
				FFA08A8329BCBB3700AC24FB /* Preview Assets.xcassets */,
			);
			path = "Preview Content";
			sourceTree = "<group>";
		};
		FFA08A8A29BCBB3F00AC24FB /* ViewModels */ = {
			isa = PBXGroup;
			children = (
				FFA08A8D29BCBB7500AC24FB /* CoreDataRelationshipViewModel.swift */,
			);
			path = ViewModels;
			sourceTree = "<group>";
		};
		FFA08A8B29BCBB4900AC24FB /* Views */ = {
			isa = PBXGroup;
			children = (
				FFA08A8F29BCBBB600AC24FB /* CoreDataRelationshipView.swift */,
			);
			path = Views;
			sourceTree = "<group>";
		};
		FFA08A8C29BCBB5200AC24FB /* Models */ = {
			isa = PBXGroup;
			children = (
				FFA08A9429BCBDE200AC24FB /* CoreDataContainer.xcdatamodeld */,
			);
			path = Models;
			sourceTree = "<group>";
		};
		FFA08A9129BCBC6600AC24FB /* Utilities */ = {
			isa = PBXGroup;
			children = (
				FFA08A9229BCBC8400AC24FB /* CoreDataManager.swift */,
			);
			path = Utilities;
			sourceTree = "<group>";
		};
/* End PBXGroup section */

/* Begin PBXNativeTarget section */
		FFA08A7829BCBB3400AC24FB /* CoreDataRelationships */ = {
			isa = PBXNativeTarget;
			buildConfigurationList = FFA08A8729BCBB3700AC24FB /* Build configuration list for PBXNativeTarget "CoreDataRelationships" */;
			buildPhases = (
				FFA08A7529BCBB3400AC24FB /* Sources */,
				FFA08A7629BCBB3400AC24FB /* Frameworks */,
				FFA08A7729BCBB3400AC24FB /* Resources */,
			);
			buildRules = (
			);
			dependencies = (
			);
			name = CoreDataRelationships;
			productName = CoreDataRelationships;
			productReference = FFA08A7929BCBB3400AC24FB /* CoreDataRelationships.app */;
			productType = "com.apple.product-type.application";
		};
/* End PBXNativeTarget section */

/* Begin PBXProject section */
		FFA08A7129BCBB3400AC24FB /* Project object */ = {
			isa = PBXProject;
			attributes = {
				BuildIndependentTargetsInParallel = 1;
				LastSwiftUpdateCheck = 1420;
				LastUpgradeCheck = 1420;
				TargetAttributes = {
					FFA08A7829BCBB3400AC24FB = {
						CreatedOnToolsVersion = 14.2;
					};
				};
			};
			buildConfigurationList = FFA08A7429BCBB3400AC24FB /* Build configuration list for PBXProject "CoreDataRelationships" */;
			compatibilityVersion = "Xcode 14.0";
			developmentRegion = en;
			hasScannedForEncodings = 0;
			knownRegions = (
				en,
				Base,
			);
			mainGroup = FFA08A7029BCBB3400AC24FB;
			productRefGroup = FFA08A7A29BCBB3400AC24FB /* Products */;
			projectDirPath = "";
			projectRoot = "";
			targets = (
				FFA08A7829BCBB3400AC24FB /* CoreDataRelationships */,
			);
		};
/* End PBXProject section */

/* Begin PBXResourcesBuildPhase section */
		FFA08A7729BCBB3400AC24FB /* Resources */ = {
			isa = PBXResourcesBuildPhase;
			buildActionMask = 2147483647;
			files = (
				FFA08A8429BCBB3700AC24FB /* Preview Assets.xcassets in Resources */,
				FFA08A8129BCBB3700AC24FB /* Assets.xcassets in Resources */,
			);
			runOnlyForDeploymentPostprocessing = 0;
		};
/* End PBXResourcesBuildPhase section */

/* Begin PBXSourcesBuildPhase section */
		FFA08A7529BCBB3400AC24FB /* Sources */ = {
			isa = PBXSourcesBuildPhase;
			buildActionMask = 2147483647;
			files = (
				FFA08A9629BCBDE200AC24FB /* CoreDataContainer.xcdatamodeld in Sources */,
				FFA08A8E29BCBB7500AC24FB /* CoreDataRelationshipViewModel.swift in Sources */,
				FFA08A9029BCBBB700AC24FB /* CoreDataRelationshipView.swift in Sources */,
				FFA08A7F29BCBB3400AC24FB /* ContentView.swift in Sources */,
				FFA08A9329BCBC8400AC24FB /* CoreDataManager.swift in Sources */,
				FFA08A7D29BCBB3400AC24FB /* CoreDataRelationshipsApp.swift in Sources */,
			);
			runOnlyForDeploymentPostprocessing = 0;
		};
/* End PBXSourcesBuildPhase section */

/* Begin XCBuildConfiguration section */
		FFA08A8529BCBB3700AC24FB /* Debug */ = {
			isa = XCBuildConfiguration;
			buildSettings = {
				ALWAYS_SEARCH_USER_PATHS = NO;
				CLANG_ANALYZER_NONNULL = YES;
				CLANG_ANALYZER_NUMBER_OBJECT_CONVERSION = YES_AGGRESSIVE;
				CLANG_CXX_LANGUAGE_STANDARD = "gnu++20";
				CLANG_ENABLE_MODULES = YES;
				CLANG_ENABLE_OBJC_ARC = YES;
				CLANG_ENABLE_OBJC_WEAK = YES;
				CLANG_WARN_BLOCK_CAPTURE_AUTORELEASING = YES;
				CLANG_WARN_BOOL_CONVERSION = YES;
				CLANG_WARN_COMMA = YES;
				CLANG_WARN_CONSTANT_CONVERSION = YES;
				CLANG_WARN_DEPRECATED_OBJC_IMPLEMENTATIONS = YES;
				CLANG_WARN_DIRECT_OBJC_ISA_USAGE = YES_ERROR;
				CLANG_WARN_DOCUMENTATION_COMMENTS = YES;
				CLANG_WARN_EMPTY_BODY = YES;
				CLANG_WARN_ENUM_CONVERSION = YES;
				CLANG_WARN_INFINITE_RECURSION = YES;
				CLANG_WARN_INT_CONVERSION = YES;
				CLANG_WARN_NON_LITERAL_NULL_CONVERSION = YES;
				CLANG_WARN_OBJC_IMPLICIT_RETAIN_SELF = YES;
				CLANG_WARN_OBJC_LITERAL_CONVERSION = YES;
				CLANG_WARN_OBJC_ROOT_CLASS = YES_ERROR;
				CLANG_WARN_QUOTED_INCLUDE_IN_FRAMEWORK_HEADER = YES;
				CLANG_WARN_RANGE_LOOP_ANALYSIS = YES;
				CLANG_WARN_STRICT_PROTOTYPES = YES;
				CLANG_WARN_SUSPICIOUS_MOVE = YES;
				CLANG_WARN_UNGUARDED_AVAILABILITY = YES_AGGRESSIVE;
				CLANG_WARN_UNREACHABLE_CODE = YES;
				CLANG_WARN__DUPLICATE_METHOD_MATCH = YES;
				COPY_PHASE_STRIP = NO;
				DEBUG_INFORMATION_FORMAT = dwarf;
				ENABLE_STRICT_OBJC_MSGSEND = YES;
				ENABLE_TESTABILITY = YES;
				GCC_C_LANGUAGE_STANDARD = gnu11;
				GCC_DYNAMIC_NO_PIC = NO;
				GCC_NO_COMMON_BLOCKS = YES;
				GCC_OPTIMIZATION_LEVEL = 0;
				GCC_PREPROCESSOR_DEFINITIONS = (
					"DEBUG=1",
					"$(inherited)",
				);
				GCC_WARN_64_TO_32_BIT_CONVERSION = YES;
				GCC_WARN_ABOUT_RETURN_TYPE = YES_ERROR;
				GCC_WARN_UNDECLARED_SELECTOR = YES;
				GCC_WARN_UNINITIALIZED_AUTOS = YES_AGGRESSIVE;
				GCC_WARN_UNUSED_FUNCTION = YES;
				GCC_WARN_UNUSED_VARIABLE = YES;
				IPHONEOS_DEPLOYMENT_TARGET = 16.2;
				MTL_ENABLE_DEBUG_INFO = INCLUDE_SOURCE;
				MTL_FAST_MATH = YES;
				ONLY_ACTIVE_ARCH = YES;
				SDKROOT = iphoneos;
				SWIFT_ACTIVE_COMPILATION_CONDITIONS = DEBUG;
				SWIFT_OPTIMIZATION_LEVEL = "-Onone";
			};
			name = Debug;
		};
		FFA08A8629BCBB3700AC24FB /* Release */ = {
			isa = XCBuildConfiguration;
			buildSettings = {
				ALWAYS_SEARCH_USER_PATHS = NO;
				CLANG_ANALYZER_NONNULL = YES;
				CLANG_ANALYZER_NUMBER_OBJECT_CONVERSION = YES_AGGRESSIVE;
				CLANG_CXX_LANGUAGE_STANDARD = "gnu++20";
				CLANG_ENABLE_MODULES = YES;
				CLANG_ENABLE_OBJC_ARC = YES;
				CLANG_ENABLE_OBJC_WEAK = YES;
				CLANG_WARN_BLOCK_CAPTURE_AUTORELEASING = YES;
				CLANG_WARN_BOOL_CONVERSION = YES;
				CLANG_WARN_COMMA = YES;
				CLANG_WARN_CONSTANT_CONVERSION = YES;
				CLANG_WARN_DEPRECATED_OBJC_IMPLEMENTATIONS = YES;
				CLANG_WARN_DIRECT_OBJC_ISA_USAGE = YES_ERROR;
				CLANG_WARN_DOCUMENTATION_COMMENTS = YES;
				CLANG_WARN_EMPTY_BODY = YES;
				CLANG_WARN_ENUM_CONVERSION = YES;
				CLANG_WARN_INFINITE_RECURSION = YES;
				CLANG_WARN_INT_CONVERSION = YES;
				CLANG_WARN_NON_LITERAL_NULL_CONVERSION = YES;
				CLANG_WARN_OBJC_IMPLICIT_RETAIN_SELF = YES;
				CLANG_WARN_OBJC_LITERAL_CONVERSION = YES;
				CLANG_WARN_OBJC_ROOT_CLASS = YES_ERROR;
				CLANG_WARN_QUOTED_INCLUDE_IN_FRAMEWORK_HEADER = YES;
				CLANG_WARN_RANGE_LOOP_ANALYSIS = YES;
				CLANG_WARN_STRICT_PROTOTYPES = YES;
				CLANG_WARN_SUSPICIOUS_MOVE = YES;
				CLANG_WARN_UNGUARDED_AVAILABILITY = YES_AGGRESSIVE;
				CLANG_WARN_UNREACHABLE_CODE = YES;
				CLANG_WARN__DUPLICATE_METHOD_MATCH = YES;
				COPY_PHASE_STRIP = NO;
				DEBUG_INFORMATION_FORMAT = "dwarf-with-dsym";
				ENABLE_NS_ASSERTIONS = NO;
				ENABLE_STRICT_OBJC_MSGSEND = YES;
				GCC_C_LANGUAGE_STANDARD = gnu11;
				GCC_NO_COMMON_BLOCKS = YES;
				GCC_WARN_64_TO_32_BIT_CONVERSION = YES;
				GCC_WARN_ABOUT_RETURN_TYPE = YES_ERROR;
				GCC_WARN_UNDECLARED_SELECTOR = YES;
				GCC_WARN_UNINITIALIZED_AUTOS = YES_AGGRESSIVE;
				GCC_WARN_UNUSED_FUNCTION = YES;
				GCC_WARN_UNUSED_VARIABLE = YES;
				IPHONEOS_DEPLOYMENT_TARGET = 16.2;
				MTL_ENABLE_DEBUG_INFO = NO;
				MTL_FAST_MATH = YES;
				SDKROOT = iphoneos;
				SWIFT_COMPILATION_MODE = wholemodule;
				SWIFT_OPTIMIZATION_LEVEL = "-O";
				VALIDATE_PRODUCT = YES;
			};
			name = Release;
		};
		FFA08A8829BCBB3700AC24FB /* Debug */ = {
			isa = XCBuildConfiguration;
			buildSettings = {
				ASSETCATALOG_COMPILER_APPICON_NAME = AppIcon;
				ASSETCATALOG_COMPILER_GLOBAL_ACCENT_COLOR_NAME = AccentColor;
				CODE_SIGN_STYLE = Automatic;
				CURRENT_PROJECT_VERSION = 1;
				DEVELOPMENT_ASSET_PATHS = "\"CoreDataRelationships/Preview Content\"";
				DEVELOPMENT_TEAM = HFX859F777;
				ENABLE_PREVIEWS = YES;
				GENERATE_INFOPLIST_FILE = YES;
				INFOPLIST_KEY_UIApplicationSceneManifest_Generation = YES;
				INFOPLIST_KEY_UIApplicationSupportsIndirectInputEvents = YES;
				INFOPLIST_KEY_UILaunchScreen_Generation = YES;
				INFOPLIST_KEY_UISupportedInterfaceOrientations_iPad = "UIInterfaceOrientationPortrait UIInterfaceOrientationPortraitUpsideDown UIInterfaceOrientationLandscapeLeft UIInterfaceOrientationLandscapeRight";
				INFOPLIST_KEY_UISupportedInterfaceOrientations_iPhone = "UIInterfaceOrientationPortrait UIInterfaceOrientationLandscapeLeft UIInterfaceOrientationLandscapeRight";
				LD_RUNPATH_SEARCH_PATHS = (
					"$(inherited)",
					"@executable_path/Frameworks",
				);
				MARKETING_VERSION = 1.0;
				PRODUCT_BUNDLE_IDENTIFIER = me.shanta.sajid.CoreDataRelationships;
				PRODUCT_NAME = "$(TARGET_NAME)";
				SWIFT_EMIT_LOC_STRINGS = YES;
				SWIFT_VERSION = 5.0;
				TARGETED_DEVICE_FAMILY = "1,2";
			};
			name = Debug;
		};
		FFA08A8929BCBB3700AC24FB /* Release */ = {
			isa = XCBuildConfiguration;
			buildSettings = {
				ASSETCATALOG_COMPILER_APPICON_NAME = AppIcon;
				ASSETCATALOG_COMPILER_GLOBAL_ACCENT_COLOR_NAME = AccentColor;
				CODE_SIGN_STYLE = Automatic;
				CURRENT_PROJECT_VERSION = 1;
				DEVELOPMENT_ASSET_PATHS = "\"CoreDataRelationships/Preview Content\"";
				DEVELOPMENT_TEAM = HFX859F777;
				ENABLE_PREVIEWS = YES;
				GENERATE_INFOPLIST_FILE = YES;
				INFOPLIST_KEY_UIApplicationSceneManifest_Generation = YES;
				INFOPLIST_KEY_UIApplicationSupportsIndirectInputEvents = YES;
				INFOPLIST_KEY_UILaunchScreen_Generation = YES;
				INFOPLIST_KEY_UISupportedInterfaceOrientations_iPad = "UIInterfaceOrientationPortrait UIInterfaceOrientationPortraitUpsideDown UIInterfaceOrientationLandscapeLeft UIInterfaceOrientationLandscapeRight";
				INFOPLIST_KEY_UISupportedInterfaceOrientations_iPhone = "UIInterfaceOrientationPortrait UIInterfaceOrientationLandscapeLeft UIInterfaceOrientationLandscapeRight";
				LD_RUNPATH_SEARCH_PATHS = (
					"$(inherited)",
					"@executable_path/Frameworks",
				);
				MARKETING_VERSION = 1.0;
				PRODUCT_BUNDLE_IDENTIFIER = me.shanta.sajid.CoreDataRelationships;
				PRODUCT_NAME = "$(TARGET_NAME)";
				SWIFT_EMIT_LOC_STRINGS = YES;
				SWIFT_VERSION = 5.0;
				TARGETED_DEVICE_FAMILY = "1,2";
			};
			name = Release;
		};
/* End XCBuildConfiguration section */

/* Begin XCConfigurationList section */
		FFA08A7429BCBB3400AC24FB /* Build configuration list for PBXProject "CoreDataRelationships" */ = {
			isa = XCConfigurationList;
			buildConfigurations = (
				FFA08A8529BCBB3700AC24FB /* Debug */,
				FFA08A8629BCBB3700AC24FB /* Release */,
			);
			defaultConfigurationIsVisible = 0;
			defaultConfigurationName = Release;
		};
		FFA08A8729BCBB3700AC24FB /* Build configuration list for PBXNativeTarget "CoreDataRelationships" */ = {
			isa = XCConfigurationList;
			buildConfigurations = (
				FFA08A8829BCBB3700AC24FB /* Debug */,
				FFA08A8929BCBB3700AC24FB /* Release */,
			);
			defaultConfigurationIsVisible = 0;
			defaultConfigurationName = Release;
		};
/* End XCConfigurationList section */

/* Begin XCVersionGroup section */
		FFA08A9429BCBDE200AC24FB /* CoreDataContainer.xcdatamodeld */ = {
			isa = XCVersionGroup;
			children = (
				FFA08A9529BCBDE200AC24FB /* CoreDataContainer.xcdatamodel */,
			);
			currentVersion = FFA08A9529BCBDE200AC24FB /* CoreDataContainer.xcdatamodel */;
			path = CoreDataContainer.xcdatamodeld;
			sourceTree = "<group>";
			versionGroupType = wrapper.xcdatamodel;
		};
/* End XCVersionGroup section */
	};
	rootObject = FFA08A7129BCBB3400AC24FB /* Project object */;
}
